<?xml version="1.0" encoding="utf-8"?>
<Project ToolsVersion="4.0" xmlns="http://schemas.microsoft.com/developer/msbuild/2003">
  <ItemGroup>
    <Filter Include="PCH">
      <UniqueIdentifier>{d26298e5-d4f7-41ba-9f57-dcb1b6f892c1}</UniqueIdentifier>
    </Filter>
    <Filter Include="Game">
      <UniqueIdentifier>{0f549efc-5aba-4fb3-8c88-b72eb02e8ef9}</UniqueIdentifier>
    </Filter>
    <Filter Include="Network">
      <UniqueIdentifier>{a9e9616d-4dc8-4734-a36d-e3e850da0470}</UniqueIdentifier>
    </Filter>
    <Filter Include="Utils">
      <UniqueIdentifier>{59a630d5-755d-4fb9-a664-e39485c86db7}</UniqueIdentifier>
    </Filter>
    <Filter Include="Utils\TextureManager">
      <UniqueIdentifier>{2653c44e-d6a2-4f17-889d-17254f4d4be8}</UniqueIdentifier>
    </Filter>
    <Filter Include="Utils\FontManager">
      <UniqueIdentifier>{1f202c5f-5c77-4826-95c8-6554b575f252}</UniqueIdentifier>
    </Filter>
    <Filter Include="Content">
      <UniqueIdentifier>{cbe1377b-95b2-4fdf-b342-efadf9adb424}</UniqueIdentifier>
    </Filter>
    <Filter Include="Content\Object">
      <UniqueIdentifier>{41aef49b-5c2b-4e3f-afd5-3427e8c438f2}</UniqueIdentifier>
    </Filter>
    <Filter Include="Content\Object\Player">
      <UniqueIdentifier>{4e7593cc-7e12-484e-be4e-950e30ec777f}</UniqueIdentifier>
    </Filter>
    <Filter Include="Content\Object\Chat">
      <UniqueIdentifier>{f1f3e6c7-66d2-43a2-b5c2-ce49529241e9}</UniqueIdentifier>
    </Filter>
    <Filter Include="Content\Animation">
      <UniqueIdentifier>{d3b3c8fc-833e-4163-8806-87f5e80bac58}</UniqueIdentifier>
    </Filter>
    <Filter Include="Content\Object\Attack">
      <UniqueIdentifier>{fa5bd1fd-d459-4022-a916-368ac539cd6a}</UniqueIdentifier>
    </Filter>
    <Filter Include="Content\Scene">
      <UniqueIdentifier>{aaf47826-5e0d-46ab-a36e-3bdbc047cf88}</UniqueIdentifier>
    </Filter>
    <Filter Include="Content\Scene\BaseScene">
      <UniqueIdentifier>{1b645bfc-ca9e-45a5-84f1-d64be924fb77}</UniqueIdentifier>
    </Filter>
    <Filter Include="Content\World">
      <UniqueIdentifier>{a59b257c-d549-408b-bc3b-1f1c8f5027e4}</UniqueIdentifier>
    </Filter>
    <Filter Include="Content\World\TileManager">
      <UniqueIdentifier>{30bd6ede-8a7d-4880-8a6d-c5b5197a1626}</UniqueIdentifier>
    </Filter>
    <Filter Include="Content\Object\Button">
      <UniqueIdentifier>{42b97c64-3827-418c-85f4-0d000ebe850e}</UniqueIdentifier>
    </Filter>
    <Filter Include="Content\Object\Chat\ChatUI">
      <UniqueIdentifier>{9c273897-169b-4fa5-b30a-6a95a8db7ff7}</UniqueIdentifier>
    </Filter>
  </ItemGroup>
  <ItemGroup>
    <ClCompile Include="pch.cpp">
      <Filter>PCH</Filter>
    </ClCompile>
    <ClCompile Include="main.cpp" />
    <ClCompile Include="Game.cpp">
      <Filter>Game</Filter>
    </ClCompile>
    <ClCompile Include="GameScene.cpp">
      <Filter>Content\Scene</Filter>
    </ClCompile>
    <ClCompile Include="Communication.cpp">
      <Filter>Network</Filter>
    </ClCompile>
    <ClCompile Include="Object.cpp">
      <Filter>Content\Object</Filter>
    </ClCompile>
    <ClCompile Include="World.cpp">
      <Filter>Content\World</Filter>
    </ClCompile>
    <ClCompile Include="Tile.cpp">
      <Filter>Content\World</Filter>
    </ClCompile>
    <ClCompile Include="GlobalVariable.cpp">
      <Filter>Utils</Filter>
    </ClCompile>
    <ClCompile Include="TileManager.cpp">
      <Filter>Content\World\TileManager</Filter>
    </ClCompile>
    <ClCompile Include="BaseScene.cpp">
      <Filter>Content\Scene\BaseScene</Filter>
    </ClCompile>
    <ClCompile Include="TextureManager.cpp">
      <Filter>Utils\TextureManager</Filter>
    </ClCompile>
    <ClCompile Include="Player.cpp">
      <Filter>Content\Object\Player</Filter>
    </ClCompile>
    <ClCompile Include="FontManager.cpp">
      <Filter>Utils\FontManager</Filter>
    </ClCompile>
    <ClCompile Include="Animation.cpp">
      <Filter>Content\Animation</Filter>
    </ClCompile>
    <ClCompile Include="AnimationManager.cpp">
      <Filter>Content\Animation</Filter>
    </ClCompile>
    <ClCompile Include="AnimationSet.cpp">
      <Filter>Content\Animation</Filter>
    </ClCompile>
    <ClCompile Include="PresentAnimation.cpp">
      <Filter>Content\Animation</Filter>
    </ClCompile>
    <ClCompile Include="Chat.cpp">
      <Filter>Content\Object\Chat</Filter>
    </ClCompile>
    <ClCompile Include="Attack.cpp">
      <Filter>Content\Object\Attack</Filter>
    </ClCompile>
    <ClCompile Include="TitleScene.cpp">
      <Filter>Content\Scene</Filter>
    </ClCompile>
    <ClCompile Include="Button.cpp">
      <Filter>Content\Object\Button</Filter>
    </ClCompile>
    <ClCompile Include="LoginScene.cpp">
      <Filter>Content\Scene</Filter>
    </ClCompile>
    <ClCompile Include="CreateScene.cpp">
      <Filter>Content\Scene</Filter>
    </ClCompile>
    <ClCompile Include="ChatUI.cpp">
      <Filter>Content\Object\Chat\ChatUI</Filter>
    </ClCompile>
  </ItemGroup>
  <ItemGroup>
    <ClInclude Include="pch.h">
      <Filter>PCH</Filter>
    </ClInclude>
    <ClInclude Include="Game.h">
      <Filter>Game</Filter>
    </ClInclude>
    <ClInclude Include="GameScene.h">
      <Filter>Content\Scene</Filter>
    </ClInclude>
    <ClInclude Include="Communication.h">
      <Filter>Network</Filter>
    </ClInclude>
    <ClInclude Include="Object.h">
      <Filter>Content\Object</Filter>
    </ClInclude>
    <ClInclude Include="World.h">
      <Filter>Content\World</Filter>
    </ClInclude>
    <ClInclude Include="Tile.h">
      <Filter>Content\World</Filter>
    </ClInclude>
    <ClInclude Include="GlobalVariable.h">
      <Filter>Utils</Filter>
    </ClInclude>
    <ClInclude Include="TileManager.h">
      <Filter>Content\World\TileManager</Filter>
    </ClInclude>
    <ClInclude Include="BaseScene.h">
      <Filter>Content\Scene\BaseScene</Filter>
    </ClInclude>
    <ClInclude Include="TextureManager.h">
      <Filter>Utils\TextureManager</Filter>
    </ClInclude>
    <ClInclude Include="Player.h">
      <Filter>Content\Object\Player</Filter>
    </ClInclude>
    <ClInclude Include="FontManager.h">
      <Filter>Utils\FontManager</Filter>
    </ClInclude>
    <ClInclude Include="Animation.h">
      <Filter>Content\Animation</Filter>
    </ClInclude>
    <ClInclude Include="AnimationManager.h">
      <Filter>Content\Animation</Filter>
    </ClInclude>
    <ClInclude Include="AnimationSet.h">
      <Filter>Content\Animation</Filter>
    </ClInclude>
    <ClInclude Include="PresentAnimation.h">
      <Filter>Content\Animation</Filter>
    </ClInclude>
    <ClInclude Include="ClientDefines.h">
      <Filter>Utils</Filter>
    </ClInclude>
    <ClInclude Include="Chat.h">
      <Filter>Content\Object\Chat</Filter>
    </ClInclude>
    <ClInclude Include="Attack.h">
      <Filter>Content\Object\Attack</Filter>
    </ClInclude>
    <ClInclude Include="TitleScene.h">
      <Filter>Content\Scene</Filter>
    </ClInclude>
    <ClInclude Include="Button.h">
      <Filter>Content\Object\Button</Filter>
    </ClInclude>
    <ClInclude Include="LoginScene.h">
      <Filter>Content\Scene</Filter>
    </ClInclude>
    <ClInclude Include="CreateScene.h">
      <Filter>Content\Scene</Filter>
    </ClInclude>
    <ClInclude Include="ChatUI.h">
      <Filter>Content\Object\Chat\ChatUI</Filter>
    </ClInclude>
  </ItemGroup>
</Project>