<?xml version="1.0" encoding="utf-8"?>
<Project ToolsVersion="4.0" xmlns="http://schemas.microsoft.com/developer/msbuild/2003">
  <ItemGroup>
    <Filter Include="PCH">
      <UniqueIdentifier>{d26298e5-d4f7-41ba-9f57-dcb1b6f892c1}</UniqueIdentifier>
    </Filter>
    <Filter Include="Game">
      <UniqueIdentifier>{0f549efc-5aba-4fb3-8c88-b72eb02e8ef9}</UniqueIdentifier>
    </Filter>
    <Filter Include="Scene">
      <UniqueIdentifier>{aaf47826-5e0d-46ab-a36e-3bdbc047cf88}</UniqueIdentifier>
    </Filter>
    <Filter Include="Network">
      <UniqueIdentifier>{a9e9616d-4dc8-4734-a36d-e3e850da0470}</UniqueIdentifier>
    </Filter>
    <Filter Include="Object">
      <UniqueIdentifier>{41aef49b-5c2b-4e3f-afd5-3427e8c438f2}</UniqueIdentifier>
    </Filter>
    <Filter Include="World">
      <UniqueIdentifier>{a59b257c-d549-408b-bc3b-1f1c8f5027e4}</UniqueIdentifier>
    </Filter>
    <Filter Include="Utils">
      <UniqueIdentifier>{59a630d5-755d-4fb9-a664-e39485c86db7}</UniqueIdentifier>
    </Filter>
    <Filter Include="World\TileManager">
      <UniqueIdentifier>{30bd6ede-8a7d-4880-8a6d-c5b5197a1626}</UniqueIdentifier>
    </Filter>
    <Filter Include="Scene\BaseScene">
      <UniqueIdentifier>{1b645bfc-ca9e-45a5-84f1-d64be924fb77}</UniqueIdentifier>
    </Filter>
    <Filter Include="Object\TextureManager">
      <UniqueIdentifier>{2653c44e-d6a2-4f17-889d-17254f4d4be8}</UniqueIdentifier>
    </Filter>
    <Filter Include="Object\Player">
      <UniqueIdentifier>{4e7593cc-7e12-484e-be4e-950e30ec777f}</UniqueIdentifier>
    </Filter>
  </ItemGroup>
  <ItemGroup>
    <ClCompile Include="pch.cpp">
      <Filter>PCH</Filter>
    </ClCompile>
    <ClCompile Include="main.cpp" />
    <ClCompile Include="Game.cpp">
      <Filter>Game</Filter>
    </ClCompile>
    <ClCompile Include="GameScene.cpp">
      <Filter>Scene</Filter>
    </ClCompile>
    <ClCompile Include="Communication.cpp">
      <Filter>Network</Filter>
    </ClCompile>
    <ClCompile Include="Object.cpp">
      <Filter>Object</Filter>
    </ClCompile>
    <ClCompile Include="World.cpp">
      <Filter>World</Filter>
    </ClCompile>
    <ClCompile Include="Tile.cpp">
      <Filter>World</Filter>
    </ClCompile>
    <ClCompile Include="GlobalVariable.cpp">
      <Filter>Utils</Filter>
    </ClCompile>
    <ClCompile Include="TileManager.cpp">
      <Filter>World\TileManager</Filter>
    </ClCompile>
    <ClCompile Include="BaseScene.cpp">
      <Filter>Scene\BaseScene</Filter>
    </ClCompile>
    <ClCompile Include="TextureManager.cpp">
      <Filter>Object\TextureManager</Filter>
    </ClCompile>
    <ClCompile Include="Player.cpp">
      <Filter>Object\Player</Filter>
    </ClCompile>
  </ItemGroup>
  <ItemGroup>
    <ClInclude Include="pch.h">
      <Filter>PCH</Filter>
    </ClInclude>
    <ClInclude Include="Game.h">
      <Filter>Game</Filter>
    </ClInclude>
    <ClInclude Include="GameScene.h">
      <Filter>Scene</Filter>
    </ClInclude>
    <ClInclude Include="Communication.h">
      <Filter>Network</Filter>
    </ClInclude>
    <ClInclude Include="Object.h">
      <Filter>Object</Filter>
    </ClInclude>
    <ClInclude Include="World.h">
      <Filter>World</Filter>
    </ClInclude>
    <ClInclude Include="Tile.h">
      <Filter>World</Filter>
    </ClInclude>
    <ClInclude Include="GlobalVariable.h">
      <Filter>Utils</Filter>
    </ClInclude>
    <ClInclude Include="TileManager.h">
      <Filter>World\TileManager</Filter>
    </ClInclude>
    <ClInclude Include="BaseScene.h">
      <Filter>Scene\BaseScene</Filter>
    </ClInclude>
    <ClInclude Include="TextureManager.h">
      <Filter>Object\TextureManager</Filter>
    </ClInclude>
    <ClInclude Include="Player.h">
      <Filter>Object\Player</Filter>
    </ClInclude>
  </ItemGroup>
</Project>