<?xml version="1.0" encoding="utf-8"?>
<Project ToolsVersion="4.0" xmlns="http://schemas.microsoft.com/developer/msbuild/2003">
  <ItemGroup>
    <Filter Include="PCH">
      <UniqueIdentifier>{b4bd027d-e787-4937-bc68-91b5ea76796b}</UniqueIdentifier>
    </Filter>
    <Filter Include="Utils">
      <UniqueIdentifier>{bb6f3e0e-71c6-4bb2-abe8-03ffaa4d35c8}</UniqueIdentifier>
    </Filter>
    <Filter Include="EBR">
      <UniqueIdentifier>{08cbdbdc-8a7c-4fc0-8dc1-61ab0a629853}</UniqueIdentifier>
    </Filter>
    <Filter Include="thread">
      <UniqueIdentifier>{9020d7e9-2b99-438b-9cd2-bc99b0ab27c6}</UniqueIdentifier>
    </Filter>
    <Filter Include="Protocol">
      <UniqueIdentifier>{e8963a63-ddcf-432e-a528-b946dc98aac3}</UniqueIdentifier>
    </Filter>
  </ItemGroup>
  <ItemGroup>
    <ClCompile Include="pch.cpp">
      <Filter>PCH</Filter>
    </ClCompile>
    <ClCompile Include="CorePch.cpp">
      <Filter>PCH</Filter>
    </ClCompile>
    <ClCompile Include="EpochBasedReclamation.cpp">
      <Filter>EBR</Filter>
    </ClCompile>
    <ClCompile Include="TLS.cpp">
      <Filter>thread</Filter>
    </ClCompile>
  </ItemGroup>
  <ItemGroup>
    <ClInclude Include="pch.h">
      <Filter>PCH</Filter>
    </ClInclude>
    <ClInclude Include="CorePch.h">
      <Filter>PCH</Filter>
    </ClInclude>
    <ClInclude Include="Types.h">
      <Filter>Utils</Filter>
    </ClInclude>
    <ClInclude Include="Container.h">
      <Filter>Utils</Filter>
    </ClInclude>
    <ClInclude Include="Defines.h">
      <Filter>Utils</Filter>
    </ClInclude>
    <ClInclude Include="EpochBasedReclamation.h">
      <Filter>EBR</Filter>
    </ClInclude>
    <ClInclude Include="TLS.h">
      <Filter>thread</Filter>
    </ClInclude>
    <ClInclude Include="Protocol.h">
      <Filter>Protocol</Filter>
    </ClInclude>
  </ItemGroup>
</Project>