<?xml version="1.0" encoding="utf-8"?>
<Project ToolsVersion="4.0" xmlns="http://schemas.microsoft.com/developer/msbuild/2003">
  <ItemGroup>
    <ClCompile Include="IocpCore.cpp">
      <Filter>Core\IOCP</Filter>
    </ClCompile>
    <ClCompile Include="pch.cpp">
      <Filter>PCH</Filter>
    </ClCompile>
    <ClCompile Include="Session.cpp">
      <Filter>Core\BaseSession\Session</Filter>
    </ClCompile>
    <ClCompile Include="ExpansionOverlapped.cpp">
      <Filter>Core\Overlapped</Filter>
    </ClCompile>
    <ClCompile Include="ServerCore.cpp">
      <Filter>Core\ServerCore</Filter>
    </ClCompile>
    <ClCompile Include="Util.cpp">
      <Filter>Utils</Filter>
    </ClCompile>
    <ClCompile Include="Sector.cpp">
      <Filter>Contents\Sector</Filter>
    </ClCompile>
    <ClCompile Include="SectorManager.cpp">
      <Filter>Contents\Sector</Filter>
    </ClCompile>
    <ClCompile Include="Stat.cpp">
      <Filter>Contents\Item</Filter>
    </ClCompile>
    <ClCompile Include="GlobalVariable.cpp">
      <Filter>Utils\GrobalVariable</Filter>
    </ClCompile>
    <ClCompile Include="main.cpp" />
    <ClCompile Include="Bot.cpp">
      <Filter>Core\BaseSession\Bot</Filter>
    </ClCompile>
    <ClCompile Include="BaseSession.cpp">
      <Filter>Core\BaseSession</Filter>
    </ClCompile>
    <ClCompile Include="Position.cpp">
      <Filter>Utils</Filter>
    </ClCompile>
    <ClCompile Include="DatabaseManager.cpp">
      <Filter>DB</Filter>
    </ClCompile>
    <ClCompile Include="DatabaseEvent.cpp">
      <Filter>DB</Filter>
    </ClCompile>
    <ClCompile Include="Event.cpp">
      <Filter>Event</Filter>
    </ClCompile>
  </ItemGroup>
  <ItemGroup>
    <Filter Include="Network">
      <UniqueIdentifier>{a875dcf8-73da-4ea9-9ff7-3b3de82a55a0}</UniqueIdentifier>
    </Filter>
    <Filter Include="Core">
      <UniqueIdentifier>{a075421c-01fb-4ad4-8e8e-fb8fa39d2d09}</UniqueIdentifier>
    </Filter>
    <Filter Include="Core\IOCP">
      <UniqueIdentifier>{ebd7d633-6c86-4e59-ab97-4726e7b0d1d8}</UniqueIdentifier>
    </Filter>
    <Filter Include="PCH">
      <UniqueIdentifier>{ab311225-8463-4dd1-b544-9bfc2c361ab9}</UniqueIdentifier>
    </Filter>
    <Filter Include="Core\Overlapped">
      <UniqueIdentifier>{1726d7d9-5a45-4bdd-9f43-a24cb8f3978c}</UniqueIdentifier>
    </Filter>
    <Filter Include="Utils">
      <UniqueIdentifier>{05a896f9-6a4f-4b57-b414-57bb723a3da8}</UniqueIdentifier>
    </Filter>
    <Filter Include="Core\ServerCore">
      <UniqueIdentifier>{771229e1-4f20-43c1-8196-09f03a665991}</UniqueIdentifier>
    </Filter>
    <Filter Include="Contents">
      <UniqueIdentifier>{03fcd062-7da2-4a73-93e9-0c277b95b4b8}</UniqueIdentifier>
    </Filter>
    <Filter Include="Contents\Sector">
      <UniqueIdentifier>{3cfc02b6-6685-4b91-a473-7dd9cad4b15a}</UniqueIdentifier>
    </Filter>
    <Filter Include="Contents\Item">
      <UniqueIdentifier>{8aa1dee3-a40c-47ca-b250-06f509b8896d}</UniqueIdentifier>
    </Filter>
    <Filter Include="Utils\GrobalVariable">
      <UniqueIdentifier>{3e0d0a8d-e697-4b60-8b33-35f4157ed3d7}</UniqueIdentifier>
    </Filter>
    <Filter Include="Core\BaseSession">
      <UniqueIdentifier>{db0e1dfe-f632-42fc-8868-8e960cb551db}</UniqueIdentifier>
    </Filter>
    <Filter Include="Core\BaseSession\Session">
      <UniqueIdentifier>{fcb08fa4-490b-4c9f-bca4-fb77198b2228}</UniqueIdentifier>
    </Filter>
    <Filter Include="Core\BaseSession\Bot">
      <UniqueIdentifier>{42f72b96-5858-4123-8fa1-069b1500092c}</UniqueIdentifier>
    </Filter>
    <Filter Include="DB">
      <UniqueIdentifier>{b567da72-393e-4884-97d3-8bb9e398211a}</UniqueIdentifier>
    </Filter>
    <Filter Include="Event">
      <UniqueIdentifier>{bdfc9a96-b92e-4291-af55-68562e40c8d5}</UniqueIdentifier>
    </Filter>
  </ItemGroup>
  <ItemGroup>
    <ClInclude Include="IocpCore.h">
      <Filter>Core\IOCP</Filter>
    </ClInclude>
    <ClInclude Include="pch.h">
      <Filter>PCH</Filter>
    </ClInclude>
    <ClInclude Include="Session.h">
      <Filter>Core\BaseSession\Session</Filter>
    </ClInclude>
    <ClInclude Include="ExpansionOverlapped.h">
      <Filter>Core\Overlapped</Filter>
    </ClInclude>
    <ClInclude Include="ServerDefines.h">
      <Filter>Network</Filter>
    </ClInclude>
    <ClInclude Include="ServerCore.h">
      <Filter>Core\ServerCore</Filter>
    </ClInclude>
    <ClInclude Include="Util.h">
      <Filter>Utils</Filter>
    </ClInclude>
    <ClInclude Include="Sector.h">
      <Filter>Contents\Sector</Filter>
    </ClInclude>
    <ClInclude Include="SectorManager.h">
      <Filter>Contents\Sector</Filter>
    </ClInclude>
    <ClInclude Include="Stat.h">
      <Filter>Contents\Item</Filter>
    </ClInclude>
    <ClInclude Include="GlobalVariable.h">
      <Filter>Utils\GrobalVariable</Filter>
    </ClInclude>
    <ClInclude Include="Bot.h">
      <Filter>Core\BaseSession\Bot</Filter>
    </ClInclude>
    <ClInclude Include="BaseSession.h">
      <Filter>Core\BaseSession</Filter>
    </ClInclude>
    <ClInclude Include="Position.h">
      <Filter>Utils</Filter>
    </ClInclude>
    <ClInclude Include="DatabaseManager.h">
      <Filter>DB</Filter>
    </ClInclude>
    <ClInclude Include="DatabaseEvent.h">
      <Filter>DB</Filter>
    </ClInclude>
    <ClInclude Include="Event.h">
      <Filter>Event</Filter>
    </ClInclude>
  </ItemGroup>
</Project>